// !$*UTF8*$!
{
	archiveVersion = 1;
	classes = {
	};
	objectVersion = 56;
	objects = {

/* Begin PBXBuildFile section */
		872A559D2BC5606C00A9920D /* ChooseTypeOfTracker.swift in Sources */ = {isa = PBXBuildFile; fileRef = 872A559C2BC5606C00A9920D /* ChooseTypeOfTracker.swift */; };
		872A559F2BC5AB7D00A9920D /* NewHabbitViewController.swift in Sources */ = {isa = PBXBuildFile; fileRef = 872A559E2BC5AB7D00A9920D /* NewHabbitViewController.swift */; };
		872A55A12BC5F0E300A9920D /* UITextField extension.swift in Sources */ = {isa = PBXBuildFile; fileRef = 872A55A02BC5F0E300A9920D /* UITextField extension.swift */; };
		872A55A42BC70DAD00A9920D /* EmojiCollectionViewCell.swift in Sources */ = {isa = PBXBuildFile; fileRef = 872A55A32BC70DAD00A9920D /* EmojiCollectionViewCell.swift */; };
		872A55A62BC70DD200A9920D /* ColorCollectionViewCell.swift in Sources */ = {isa = PBXBuildFile; fileRef = 872A55A52BC70DD200A9920D /* ColorCollectionViewCell.swift */; };
		872A55A82BC70EE600A9920D /* ConstantsForCells.swift in Sources */ = {isa = PBXBuildFile; fileRef = 872A55A72BC70EE600A9920D /* ConstantsForCells.swift */; };
		872A55AA2BC70FB900A9920D /* UIColorExtension.swift in Sources */ = {isa = PBXBuildFile; fileRef = 872A55A92BC70FB900A9920D /* UIColorExtension.swift */; };
		877CB6492BBF397700C4164D /* AppDelegate.swift in Sources */ = {isa = PBXBuildFile; fileRef = 877CB6482BBF397700C4164D /* AppDelegate.swift */; };
		877CB64B2BBF397700C4164D /* SceneDelegate.swift in Sources */ = {isa = PBXBuildFile; fileRef = 877CB64A2BBF397700C4164D /* SceneDelegate.swift */; };
		877CB6522BBF397900C4164D /* Assets.xcassets in Resources */ = {isa = PBXBuildFile; fileRef = 877CB6512BBF397900C4164D /* Assets.xcassets */; };
		877CB6552BBF397900C4164D /* LaunchScreen.storyboard in Resources */ = {isa = PBXBuildFile; fileRef = 877CB6532BBF397900C4164D /* LaunchScreen.storyboard */; };
		877CB6602BBF397900C4164D /* TrackerTests.swift in Sources */ = {isa = PBXBuildFile; fileRef = 877CB65F2BBF397900C4164D /* TrackerTests.swift */; };
		877CB66A2BBF397900C4164D /* TrackerUITests.swift in Sources */ = {isa = PBXBuildFile; fileRef = 877CB6692BBF397900C4164D /* TrackerUITests.swift */; };
		877CB66C2BBF397900C4164D /* TrackerUITestsLaunchTests.swift in Sources */ = {isa = PBXBuildFile; fileRef = 877CB66B2BBF397900C4164D /* TrackerUITestsLaunchTests.swift */; };
		877CB6792BBF42C600C4164D /* TrackerViewController.swift in Sources */ = {isa = PBXBuildFile; fileRef = 877CB6782BBF42C500C4164D /* TrackerViewController.swift */; };
		877CB67B2BBF455E00C4164D /* UIView extensions.swift in Sources */ = {isa = PBXBuildFile; fileRef = 877CB67A2BBF455E00C4164D /* UIView extensions.swift */; };
		877CB6B92BC16E6100C4164D /* StatisticViewController.swift in Sources */ = {isa = PBXBuildFile; fileRef = 877CB6B82BC16E6100C4164D /* StatisticViewController.swift */; };
		877CB6BB2BC1746000C4164D /* tabBarViewController.swift in Sources */ = {isa = PBXBuildFile; fileRef = 877CB6BA2BC1746000C4164D /* tabBarViewController.swift */; };
		87F476252BC2EA8F001260C9 /* TrackerModels.swift in Sources */ = {isa = PBXBuildFile; fileRef = 87F476242BC2EA8F001260C9 /* TrackerModels.swift */; };
/* End PBXBuildFile section */

/* Begin PBXContainerItemProxy section */
		877CB65C2BBF397900C4164D /* PBXContainerItemProxy */ = {
			isa = PBXContainerItemProxy;
			containerPortal = 877CB63D2BBF397700C4164D /* Project object */;
			proxyType = 1;
			remoteGlobalIDString = 877CB6442BBF397700C4164D;
			remoteInfo = Tracker;
		};
		877CB6662BBF397900C4164D /* PBXContainerItemProxy */ = {
			isa = PBXContainerItemProxy;
			containerPortal = 877CB63D2BBF397700C4164D /* Project object */;
			proxyType = 1;
			remoteGlobalIDString = 877CB6442BBF397700C4164D;
			remoteInfo = Tracker;
		};
/* End PBXContainerItemProxy section */

/* Begin PBXFileReference section */
		872A559C2BC5606C00A9920D /* ChooseTypeOfTracker.swift */ = {isa = PBXFileReference; lastKnownFileType = sourcecode.swift; path = ChooseTypeOfTracker.swift; sourceTree = "<group>"; };
		872A559E2BC5AB7D00A9920D /* NewHabbitViewController.swift */ = {isa = PBXFileReference; lastKnownFileType = sourcecode.swift; path = NewHabbitViewController.swift; sourceTree = "<group>"; };
		872A55A02BC5F0E300A9920D /* UITextField extension.swift */ = {isa = PBXFileReference; lastKnownFileType = sourcecode.swift; path = "UITextField extension.swift"; sourceTree = "<group>"; };
		872A55A32BC70DAD00A9920D /* EmojiCollectionViewCell.swift */ = {isa = PBXFileReference; lastKnownFileType = sourcecode.swift; path = EmojiCollectionViewCell.swift; sourceTree = "<group>"; };
		872A55A52BC70DD200A9920D /* ColorCollectionViewCell.swift */ = {isa = PBXFileReference; lastKnownFileType = sourcecode.swift; path = ColorCollectionViewCell.swift; sourceTree = "<group>"; };
		872A55A72BC70EE600A9920D /* ConstantsForCells.swift */ = {isa = PBXFileReference; lastKnownFileType = sourcecode.swift; path = ConstantsForCells.swift; sourceTree = "<group>"; };
		872A55A92BC70FB900A9920D /* UIColorExtension.swift */ = {isa = PBXFileReference; lastKnownFileType = sourcecode.swift; path = UIColorExtension.swift; sourceTree = "<group>"; };
		877CB6452BBF397700C4164D /* Tracker.app */ = {isa = PBXFileReference; explicitFileType = wrapper.application; includeInIndex = 0; path = Tracker.app; sourceTree = BUILT_PRODUCTS_DIR; };
		877CB6482BBF397700C4164D /* AppDelegate.swift */ = {isa = PBXFileReference; lastKnownFileType = sourcecode.swift; path = AppDelegate.swift; sourceTree = "<group>"; };
		877CB64A2BBF397700C4164D /* SceneDelegate.swift */ = {isa = PBXFileReference; lastKnownFileType = sourcecode.swift; path = SceneDelegate.swift; sourceTree = "<group>"; };
		877CB6512BBF397900C4164D /* Assets.xcassets */ = {isa = PBXFileReference; lastKnownFileType = folder.assetcatalog; path = Assets.xcassets; sourceTree = "<group>"; };
		877CB6542BBF397900C4164D /* Base */ = {isa = PBXFileReference; lastKnownFileType = file.storyboard; name = Base; path = Base.lproj/LaunchScreen.storyboard; sourceTree = "<group>"; };
		877CB6562BBF397900C4164D /* Info.plist */ = {isa = PBXFileReference; lastKnownFileType = text.plist.xml; path = Info.plist; sourceTree = "<group>"; };
		877CB65B2BBF397900C4164D /* TrackerTests.xctest */ = {isa = PBXFileReference; explicitFileType = wrapper.cfbundle; includeInIndex = 0; path = TrackerTests.xctest; sourceTree = BUILT_PRODUCTS_DIR; };
		877CB65F2BBF397900C4164D /* TrackerTests.swift */ = {isa = PBXFileReference; lastKnownFileType = sourcecode.swift; path = TrackerTests.swift; sourceTree = "<group>"; };
		877CB6652BBF397900C4164D /* TrackerUITests.xctest */ = {isa = PBXFileReference; explicitFileType = wrapper.cfbundle; includeInIndex = 0; path = TrackerUITests.xctest; sourceTree = BUILT_PRODUCTS_DIR; };
		877CB6692BBF397900C4164D /* TrackerUITests.swift */ = {isa = PBXFileReference; lastKnownFileType = sourcecode.swift; path = TrackerUITests.swift; sourceTree = "<group>"; };
		877CB66B2BBF397900C4164D /* TrackerUITestsLaunchTests.swift */ = {isa = PBXFileReference; lastKnownFileType = sourcecode.swift; path = TrackerUITestsLaunchTests.swift; sourceTree = "<group>"; };
		877CB6782BBF42C500C4164D /* TrackerViewController.swift */ = {isa = PBXFileReference; lastKnownFileType = sourcecode.swift; path = TrackerViewController.swift; sourceTree = "<group>"; };
		877CB67A2BBF455E00C4164D /* UIView extensions.swift */ = {isa = PBXFileReference; lastKnownFileType = sourcecode.swift; path = "UIView extensions.swift"; sourceTree = "<group>"; };
		877CB6B82BC16E6100C4164D /* StatisticViewController.swift */ = {isa = PBXFileReference; lastKnownFileType = sourcecode.swift; path = StatisticViewController.swift; sourceTree = "<group>"; };
		877CB6BA2BC1746000C4164D /* tabBarViewController.swift */ = {isa = PBXFileReference; lastKnownFileType = sourcecode.swift; path = tabBarViewController.swift; sourceTree = "<group>"; };
		87F476242BC2EA8F001260C9 /* TrackerModels.swift */ = {isa = PBXFileReference; lastKnownFileType = sourcecode.swift; path = TrackerModels.swift; sourceTree = "<group>"; };
/* End PBXFileReference section */

/* Begin PBXFrameworksBuildPhase section */
		877CB6422BBF397700C4164D /* Frameworks */ = {
			isa = PBXFrameworksBuildPhase;
			buildActionMask = 2147483647;
			files = (
			);
			runOnlyForDeploymentPostprocessing = 0;
		};
		877CB6582BBF397900C4164D /* Frameworks */ = {
			isa = PBXFrameworksBuildPhase;
			buildActionMask = 2147483647;
			files = (
			);
			runOnlyForDeploymentPostprocessing = 0;
		};
		877CB6622BBF397900C4164D /* Frameworks */ = {
			isa = PBXFrameworksBuildPhase;
			buildActionMask = 2147483647;
			files = (
			);
			runOnlyForDeploymentPostprocessing = 0;
		};
/* End PBXFrameworksBuildPhase section */

/* Begin PBXGroup section */
		872A55A22BC70D5100A9920D /* NewHabbtiViewController */ = {
			isa = PBXGroup;
			children = (
				872A559E2BC5AB7D00A9920D /* NewHabbitViewController.swift */,
				872A55A32BC70DAD00A9920D /* EmojiCollectionViewCell.swift */,
				872A55A52BC70DD200A9920D /* ColorCollectionViewCell.swift */,
				872A55A92BC70FB900A9920D /* UIColorExtension.swift */,
				872A55A72BC70EE600A9920D /* ConstantsForCells.swift */,
			);
			path = NewHabbtiViewController;
			sourceTree = "<group>";
		};
		877CB63C2BBF397700C4164D = {
			isa = PBXGroup;
			children = (
				877CB6472BBF397700C4164D /* Tracker */,
				877CB65E2BBF397900C4164D /* TrackerTests */,
				877CB6682BBF397900C4164D /* TrackerUITests */,
				877CB6462BBF397700C4164D /* Products */,
			);
			sourceTree = "<group>";
		};
		877CB6462BBF397700C4164D /* Products */ = {
			isa = PBXGroup;
			children = (
				877CB6452BBF397700C4164D /* Tracker.app */,
				877CB65B2BBF397900C4164D /* TrackerTests.xctest */,
				877CB6652BBF397900C4164D /* TrackerUITests.xctest */,
			);
			name = Products;
			sourceTree = "<group>";
		};
		877CB6472BBF397700C4164D /* Tracker */ = {
			isa = PBXGroup;
			children = (
				872A55A22BC70D5100A9920D /* NewHabbtiViewController */,
				877CB6482BBF397700C4164D /* AppDelegate.swift */,
				877CB64A2BBF397700C4164D /* SceneDelegate.swift */,
				877CB6512BBF397900C4164D /* Assets.xcassets */,
				877CB6532BBF397900C4164D /* LaunchScreen.storyboard */,
				877CB6562BBF397900C4164D /* Info.plist */,
				877CB6B82BC16E6100C4164D /* StatisticViewController.swift */,
				877CB6782BBF42C500C4164D /* TrackerViewController.swift */,
				872A559C2BC5606C00A9920D /* ChooseTypeOfTracker.swift */,
				872A55A02BC5F0E300A9920D /* UITextField extension.swift */,
				877CB67A2BBF455E00C4164D /* UIView extensions.swift */,
				877CB6BA2BC1746000C4164D /* tabBarViewController.swift */,
				87F476242BC2EA8F001260C9 /* TrackerModels.swift */,
			);
			path = Tracker;
			sourceTree = "<group>";
		};
		877CB65E2BBF397900C4164D /* TrackerTests */ = {
			isa = PBXGroup;
			children = (
				877CB65F2BBF397900C4164D /* TrackerTests.swift */,
			);
			path = TrackerTests;
			sourceTree = "<group>";
		};
		877CB6682BBF397900C4164D /* TrackerUITests */ = {
			isa = PBXGroup;
			children = (
				877CB6692BBF397900C4164D /* TrackerUITests.swift */,
				877CB66B2BBF397900C4164D /* TrackerUITestsLaunchTests.swift */,
			);
			path = TrackerUITests;
			sourceTree = "<group>";
		};
/* End PBXGroup section */

/* Begin PBXNativeTarget section */
		877CB6442BBF397700C4164D /* Tracker */ = {
			isa = PBXNativeTarget;
			buildConfigurationList = 877CB66F2BBF397900C4164D /* Build configuration list for PBXNativeTarget "Tracker" */;
			buildPhases = (
				877CB6412BBF397700C4164D /* Sources */,
				877CB6422BBF397700C4164D /* Frameworks */,
				877CB6432BBF397700C4164D /* Resources */,
			);
			buildRules = (
			);
			dependencies = (
			);
			name = Tracker;
			productName = Tracker;
			productReference = 877CB6452BBF397700C4164D /* Tracker.app */;
			productType = "com.apple.product-type.application";
		};
		877CB65A2BBF397900C4164D /* TrackerTests */ = {
			isa = PBXNativeTarget;
			buildConfigurationList = 877CB6722BBF397900C4164D /* Build configuration list for PBXNativeTarget "TrackerTests" */;
			buildPhases = (
				877CB6572BBF397900C4164D /* Sources */,
				877CB6582BBF397900C4164D /* Frameworks */,
				877CB6592BBF397900C4164D /* Resources */,
			);
			buildRules = (
			);
			dependencies = (
				877CB65D2BBF397900C4164D /* PBXTargetDependency */,
			);
			name = TrackerTests;
			productName = TrackerTests;
			productReference = 877CB65B2BBF397900C4164D /* TrackerTests.xctest */;
			productType = "com.apple.product-type.bundle.unit-test";
		};
		877CB6642BBF397900C4164D /* TrackerUITests */ = {
			isa = PBXNativeTarget;
			buildConfigurationList = 877CB6752BBF397900C4164D /* Build configuration list for PBXNativeTarget "TrackerUITests" */;
			buildPhases = (
				877CB6612BBF397900C4164D /* Sources */,
				877CB6622BBF397900C4164D /* Frameworks */,
				877CB6632BBF397900C4164D /* Resources */,
			);
			buildRules = (
			);
			dependencies = (
				877CB6672BBF397900C4164D /* PBXTargetDependency */,
			);
			name = TrackerUITests;
			productName = TrackerUITests;
			productReference = 877CB6652BBF397900C4164D /* TrackerUITests.xctest */;
			productType = "com.apple.product-type.bundle.ui-testing";
		};
/* End PBXNativeTarget section */

/* Begin PBXProject section */
		877CB63D2BBF397700C4164D /* Project object */ = {
			isa = PBXProject;
			attributes = {
				BuildIndependentTargetsInParallel = 1;
				LastSwiftUpdateCheck = 1520;
				LastUpgradeCheck = 1520;
				TargetAttributes = {
					877CB6442BBF397700C4164D = {
						CreatedOnToolsVersion = 15.2;
					};
					877CB65A2BBF397900C4164D = {
						CreatedOnToolsVersion = 15.2;
						TestTargetID = 877CB6442BBF397700C4164D;
					};
					877CB6642BBF397900C4164D = {
						CreatedOnToolsVersion = 15.2;
						TestTargetID = 877CB6442BBF397700C4164D;
					};
				};
			};
			buildConfigurationList = 877CB6402BBF397700C4164D /* Build configuration list for PBXProject "Tracker" */;
			compatibilityVersion = "Xcode 14.0";
			developmentRegion = en;
			hasScannedForEncodings = 0;
			knownRegions = (
				en,
				Base,
			);
			mainGroup = 877CB63C2BBF397700C4164D;
			productRefGroup = 877CB6462BBF397700C4164D /* Products */;
			projectDirPath = "";
			projectRoot = "";
			targets = (
				877CB6442BBF397700C4164D /* Tracker */,
				877CB65A2BBF397900C4164D /* TrackerTests */,
				877CB6642BBF397900C4164D /* TrackerUITests */,
			);
		};
/* End PBXProject section */

/* Begin PBXResourcesBuildPhase section */
		877CB6432BBF397700C4164D /* Resources */ = {
			isa = PBXResourcesBuildPhase;
			buildActionMask = 2147483647;
			files = (
				877CB6552BBF397900C4164D /* LaunchScreen.storyboard in Resources */,
				877CB6522BBF397900C4164D /* Assets.xcassets in Resources */,
			);
			runOnlyForDeploymentPostprocessing = 0;
		};
		877CB6592BBF397900C4164D /* Resources */ = {
			isa = PBXResourcesBuildPhase;
			buildActionMask = 2147483647;
			files = (
			);
			runOnlyForDeploymentPostprocessing = 0;
		};
		877CB6632BBF397900C4164D /* Resources */ = {
			isa = PBXResourcesBuildPhase;
			buildActionMask = 2147483647;
			files = (
			);
			runOnlyForDeploymentPostprocessing = 0;
		};
/* End PBXResourcesBuildPhase section */

/* Begin PBXSourcesBuildPhase section */
		877CB6412BBF397700C4164D /* Sources */ = {
			isa = PBXSourcesBuildPhase;
			buildActionMask = 2147483647;
			files = (
				872A559D2BC5606C00A9920D /* ChooseTypeOfTracker.swift in Sources */,
				872A55AA2BC70FB900A9920D /* UIColorExtension.swift in Sources */,
				877CB6BB2BC1746000C4164D /* tabBarViewController.swift in Sources */,
				877CB6792BBF42C600C4164D /* TrackerViewController.swift in Sources */,
				87F476252BC2EA8F001260C9 /* TrackerModels.swift in Sources */,
				877CB67B2BBF455E00C4164D /* UIView extensions.swift in Sources */,
				872A55A42BC70DAD00A9920D /* EmojiCollectionViewCell.swift in Sources */,
				872A55A82BC70EE600A9920D /* ConstantsForCells.swift in Sources */,
				872A55A62BC70DD200A9920D /* ColorCollectionViewCell.swift in Sources */,
				877CB6492BBF397700C4164D /* AppDelegate.swift in Sources */,
				877CB6B92BC16E6100C4164D /* StatisticViewController.swift in Sources */,
				877CB64B2BBF397700C4164D /* SceneDelegate.swift in Sources */,
				872A55A12BC5F0E300A9920D /* UITextField extension.swift in Sources */,
				872A559F2BC5AB7D00A9920D /* NewHabbitViewController.swift in Sources */,
			);
			runOnlyForDeploymentPostprocessing = 0;
		};
		877CB6572BBF397900C4164D /* Sources */ = {
			isa = PBXSourcesBuildPhase;
			buildActionMask = 2147483647;
			files = (
				877CB6602BBF397900C4164D /* TrackerTests.swift in Sources */,
			);
			runOnlyForDeploymentPostprocessing = 0;
		};
		877CB6612BBF397900C4164D /* Sources */ = {
			isa = PBXSourcesBuildPhase;
			buildActionMask = 2147483647;
			files = (
				877CB66A2BBF397900C4164D /* TrackerUITests.swift in Sources */,
				877CB66C2BBF397900C4164D /* TrackerUITestsLaunchTests.swift in Sources */,
			);
			runOnlyForDeploymentPostprocessing = 0;
		};
/* End PBXSourcesBuildPhase section */

/* Begin PBXTargetDependency section */
		877CB65D2BBF397900C4164D /* PBXTargetDependency */ = {
			isa = PBXTargetDependency;
			target = 877CB6442BBF397700C4164D /* Tracker */;
			targetProxy = 877CB65C2BBF397900C4164D /* PBXContainerItemProxy */;
		};
		877CB6672BBF397900C4164D /* PBXTargetDependency */ = {
			isa = PBXTargetDependency;
			target = 877CB6442BBF397700C4164D /* Tracker */;
			targetProxy = 877CB6662BBF397900C4164D /* PBXContainerItemProxy */;
		};
/* End PBXTargetDependency section */

/* Begin PBXVariantGroup section */
		877CB6532BBF397900C4164D /* LaunchScreen.storyboard */ = {
			isa = PBXVariantGroup;
			children = (
				877CB6542BBF397900C4164D /* Base */,
			);
			name = LaunchScreen.storyboard;
			sourceTree = "<group>";
		};
/* End PBXVariantGroup section */

/* Begin XCBuildConfiguration section */
		877CB66D2BBF397900C4164D /* Debug */ = {
			isa = XCBuildConfiguration;
			buildSettings = {
				ALWAYS_SEARCH_USER_PATHS = NO;
				ASSETCATALOG_COMPILER_GENERATE_SWIFT_ASSET_SYMBOL_EXTENSIONS = YES;
				CLANG_ANALYZER_NONNULL = YES;
				CLANG_ANALYZER_NUMBER_OBJECT_CONVERSION = YES_AGGRESSIVE;
				CLANG_CXX_LANGUAGE_STANDARD = "gnu++20";
				CLANG_ENABLE_MODULES = YES;
				CLANG_ENABLE_OBJC_ARC = YES;
				CLANG_ENABLE_OBJC_WEAK = YES;
				CLANG_WARN_BLOCK_CAPTURE_AUTORELEASING = YES;
				CLANG_WARN_BOOL_CONVERSION = YES;
				CLANG_WARN_COMMA = YES;
				CLANG_WARN_CONSTANT_CONVERSION = YES;
				CLANG_WARN_DEPRECATED_OBJC_IMPLEMENTATIONS = YES;
				CLANG_WARN_DIRECT_OBJC_ISA_USAGE = YES_ERROR;
				CLANG_WARN_DOCUMENTATION_COMMENTS = YES;
				CLANG_WARN_EMPTY_BODY = YES;
				CLANG_WARN_ENUM_CONVERSION = YES;
				CLANG_WARN_INFINITE_RECURSION = YES;
				CLANG_WARN_INT_CONVERSION = YES;
				CLANG_WARN_NON_LITERAL_NULL_CONVERSION = YES;
				CLANG_WARN_OBJC_IMPLICIT_RETAIN_SELF = YES;
				CLANG_WARN_OBJC_LITERAL_CONVERSION = YES;
				CLANG_WARN_OBJC_ROOT_CLASS = YES_ERROR;
				CLANG_WARN_QUOTED_INCLUDE_IN_FRAMEWORK_HEADER = YES;
				CLANG_WARN_RANGE_LOOP_ANALYSIS = YES;
				CLANG_WARN_STRICT_PROTOTYPES = YES;
				CLANG_WARN_SUSPICIOUS_MOVE = YES;
				CLANG_WARN_UNGUARDED_AVAILABILITY = YES_AGGRESSIVE;
				CLANG_WARN_UNREACHABLE_CODE = YES;
				CLANG_WARN__DUPLICATE_METHOD_MATCH = YES;
				COPY_PHASE_STRIP = NO;
				DEBUG_INFORMATION_FORMAT = dwarf;
				ENABLE_STRICT_OBJC_MSGSEND = YES;
				ENABLE_TESTABILITY = YES;
				ENABLE_USER_SCRIPT_SANDBOXING = YES;
				GCC_C_LANGUAGE_STANDARD = gnu17;
				GCC_DYNAMIC_NO_PIC = NO;
				GCC_NO_COMMON_BLOCKS = YES;
				GCC_OPTIMIZATION_LEVEL = 0;
				GCC_PREPROCESSOR_DEFINITIONS = (
					"DEBUG=1",
					"$(inherited)",
				);
				GCC_WARN_64_TO_32_BIT_CONVERSION = YES;
				GCC_WARN_ABOUT_RETURN_TYPE = YES_ERROR;
				GCC_WARN_UNDECLARED_SELECTOR = YES;
				GCC_WARN_UNINITIALIZED_AUTOS = YES_AGGRESSIVE;
				GCC_WARN_UNUSED_FUNCTION = YES;
				GCC_WARN_UNUSED_VARIABLE = YES;
				IPHONEOS_DEPLOYMENT_TARGET = 13.4;
				LOCALIZATION_PREFERS_STRING_CATALOGS = YES;
				MTL_ENABLE_DEBUG_INFO = INCLUDE_SOURCE;
				MTL_FAST_MATH = YES;
				ONLY_ACTIVE_ARCH = YES;
				SDKROOT = iphoneos;
				SWIFT_ACTIVE_COMPILATION_CONDITIONS = "DEBUG $(inherited)";
				SWIFT_OPTIMIZATION_LEVEL = "-Onone";
			};
			name = Debug;
		};
		877CB66E2BBF397900C4164D /* Release */ = {
			isa = XCBuildConfiguration;
			buildSettings = {
				ALWAYS_SEARCH_USER_PATHS = NO;
				ASSETCATALOG_COMPILER_GENERATE_SWIFT_ASSET_SYMBOL_EXTENSIONS = YES;
				CLANG_ANALYZER_NONNULL = YES;
				CLANG_ANALYZER_NUMBER_OBJECT_CONVERSION = YES_AGGRESSIVE;
				CLANG_CXX_LANGUAGE_STANDARD = "gnu++20";
				CLANG_ENABLE_MODULES = YES;
				CLANG_ENABLE_OBJC_ARC = YES;
				CLANG_ENABLE_OBJC_WEAK = YES;
				CLANG_WARN_BLOCK_CAPTURE_AUTORELEASING = YES;
				CLANG_WARN_BOOL_CONVERSION = YES;
				CLANG_WARN_COMMA = YES;
				CLANG_WARN_CONSTANT_CONVERSION = YES;
				CLANG_WARN_DEPRECATED_OBJC_IMPLEMENTATIONS = YES;
				CLANG_WARN_DIRECT_OBJC_ISA_USAGE = YES_ERROR;
				CLANG_WARN_DOCUMENTATION_COMMENTS = YES;
				CLANG_WARN_EMPTY_BODY = YES;
				CLANG_WARN_ENUM_CONVERSION = YES;
				CLANG_WARN_INFINITE_RECURSION = YES;
				CLANG_WARN_INT_CONVERSION = YES;
				CLANG_WARN_NON_LITERAL_NULL_CONVERSION = YES;
				CLANG_WARN_OBJC_IMPLICIT_RETAIN_SELF = YES;
				CLANG_WARN_OBJC_LITERAL_CONVERSION = YES;
				CLANG_WARN_OBJC_ROOT_CLASS = YES_ERROR;
				CLANG_WARN_QUOTED_INCLUDE_IN_FRAMEWORK_HEADER = YES;
				CLANG_WARN_RANGE_LOOP_ANALYSIS = YES;
				CLANG_WARN_STRICT_PROTOTYPES = YES;
				CLANG_WARN_SUSPICIOUS_MOVE = YES;
				CLANG_WARN_UNGUARDED_AVAILABILITY = YES_AGGRESSIVE;
				CLANG_WARN_UNREACHABLE_CODE = YES;
				CLANG_WARN__DUPLICATE_METHOD_MATCH = YES;
				COPY_PHASE_STRIP = NO;
				DEBUG_INFORMATION_FORMAT = "dwarf-with-dsym";
				ENABLE_NS_ASSERTIONS = NO;
				ENABLE_STRICT_OBJC_MSGSEND = YES;
				ENABLE_USER_SCRIPT_SANDBOXING = YES;
				GCC_C_LANGUAGE_STANDARD = gnu17;
				GCC_NO_COMMON_BLOCKS = YES;
				GCC_WARN_64_TO_32_BIT_CONVERSION = YES;
				GCC_WARN_ABOUT_RETURN_TYPE = YES_ERROR;
				GCC_WARN_UNDECLARED_SELECTOR = YES;
				GCC_WARN_UNINITIALIZED_AUTOS = YES_AGGRESSIVE;
				GCC_WARN_UNUSED_FUNCTION = YES;
				GCC_WARN_UNUSED_VARIABLE = YES;
				IPHONEOS_DEPLOYMENT_TARGET = 13.4;
				LOCALIZATION_PREFERS_STRING_CATALOGS = YES;
				MTL_ENABLE_DEBUG_INFO = NO;
				MTL_FAST_MATH = YES;
				SDKROOT = iphoneos;
				SWIFT_COMPILATION_MODE = wholemodule;
				VALIDATE_PRODUCT = YES;
			};
			name = Release;
		};
		877CB6702BBF397900C4164D /* Debug */ = {
			isa = XCBuildConfiguration;
			buildSettings = {
				ASSETCATALOG_COMPILER_APPICON_NAME = AppIcon;
				ASSETCATALOG_COMPILER_GLOBAL_ACCENT_COLOR_NAME = AccentColor;
				CODE_SIGN_STYLE = Automatic;
				CURRENT_PROJECT_VERSION = 1;
				DEVELOPMENT_TEAM = 4ZCZ4F2W3F;
				GENERATE_INFOPLIST_FILE = YES;
				INFOPLIST_FILE = Tracker/Info.plist;
				INFOPLIST_KEY_UIApplicationSupportsIndirectInputEvents = YES;
				INFOPLIST_KEY_UILaunchStoryboardName = LaunchScreen;
				INFOPLIST_KEY_UISupportedInterfaceOrientations = UIInterfaceOrientationPortrait;
				INFOPLIST_KEY_UISupportedInterfaceOrientations_iPad = "UIInterfaceOrientationLandscapeLeft UIInterfaceOrientationLandscapeRight UIInterfaceOrientationPortrait UIInterfaceOrientationPortraitUpsideDown";
				LD_RUNPATH_SEARCH_PATHS = (
					"$(inherited)",
					"@executable_path/Frameworks",
				);
				MARKETING_VERSION = 1.0;
				PRODUCT_BUNDLE_IDENTIFIER = ru.drozdnik.Tracker;
				PRODUCT_NAME = "$(TARGET_NAME)";
				SUPPORTED_PLATFORMS = "iphoneos iphonesimulator";
				SUPPORTS_MACCATALYST = NO;
				SUPPORTS_MAC_DESIGNED_FOR_IPHONE_IPAD = NO;
				SUPPORTS_XR_DESIGNED_FOR_IPHONE_IPAD = NO;
				SWIFT_EMIT_LOC_STRINGS = YES;
				SWIFT_VERSION = 5.0;
				TARGETED_DEVICE_FAMILY = 1;
			};
			name = Debug;
		};
		877CB6712BBF397900C4164D /* Release */ = {
			isa = XCBuildConfiguration;
			buildSettings = {
				ASSETCATALOG_COMPILER_APPICON_NAME = AppIcon;
				ASSETCATALOG_COMPILER_GLOBAL_ACCENT_COLOR_NAME = AccentColor;
				CODE_SIGN_STYLE = Automatic;
				CURRENT_PROJECT_VERSION = 1;
				DEVELOPMENT_TEAM = 4ZCZ4F2W3F;
				GENERATE_INFOPLIST_FILE = YES;
				INFOPLIST_FILE = Tracker/Info.plist;
				INFOPLIST_KEY_UIApplicationSupportsIndirectInputEvents = YES;
				INFOPLIST_KEY_UILaunchStoryboardName = LaunchScreen;
				INFOPLIST_KEY_UISupportedInterfaceOrientations = UIInterfaceOrientationPortrait;
				INFOPLIST_KEY_UISupportedInterfaceOrientations_iPad = "UIInterfaceOrientationLandscapeLeft UIInterfaceOrientationLandscapeRight UIInterfaceOrientationPortrait UIInterfaceOrientationPortraitUpsideDown";
				LD_RUNPATH_SEARCH_PATHS = (
					"$(inherited)",
					"@executable_path/Frameworks",
				);
				MARKETING_VERSION = 1.0;
				PRODUCT_BUNDLE_IDENTIFIER = ru.drozdnik.Tracker;
				PRODUCT_NAME = "$(TARGET_NAME)";
				SUPPORTED_PLATFORMS = "iphoneos iphonesimulator";
				SUPPORTS_MACCATALYST = NO;
				SUPPORTS_MAC_DESIGNED_FOR_IPHONE_IPAD = NO;
				SUPPORTS_XR_DESIGNED_FOR_IPHONE_IPAD = NO;
				SWIFT_EMIT_LOC_STRINGS = YES;
				SWIFT_VERSION = 5.0;
				TARGETED_DEVICE_FAMILY = 1;
			};
			name = Release;
		};
		877CB6732BBF397900C4164D /* Debug */ = {
			isa = XCBuildConfiguration;
			buildSettings = {
				ALWAYS_EMBED_SWIFT_STANDARD_LIBRARIES = YES;
				BUNDLE_LOADER = "$(TEST_HOST)";
				CODE_SIGN_STYLE = Automatic;
				CURRENT_PROJECT_VERSION = 1;
				DEVELOPMENT_TEAM = 4ZCZ4F2W3F;
				GENERATE_INFOPLIST_FILE = YES;
				IPHONEOS_DEPLOYMENT_TARGET = 17.2;
				MARKETING_VERSION = 1.0;
				PRODUCT_BUNDLE_IDENTIFIER = ru.drozdnik.TrackerTests;
				PRODUCT_NAME = "$(TARGET_NAME)";
				SWIFT_EMIT_LOC_STRINGS = NO;
				SWIFT_VERSION = 5.0;
				TARGETED_DEVICE_FAMILY = "1,2";
				TEST_HOST = "$(BUILT_PRODUCTS_DIR)/Tracker.app/$(BUNDLE_EXECUTABLE_FOLDER_PATH)/Tracker";
			};
			name = Debug;
		};
		877CB6742BBF397900C4164D /* Release */ = {
			isa = XCBuildConfiguration;
			buildSettings = {
				ALWAYS_EMBED_SWIFT_STANDARD_LIBRARIES = YES;
				BUNDLE_LOADER = "$(TEST_HOST)";
				CODE_SIGN_STYLE = Automatic;
				CURRENT_PROJECT_VERSION = 1;
				DEVELOPMENT_TEAM = 4ZCZ4F2W3F;
				GENERATE_INFOPLIST_FILE = YES;
				IPHONEOS_DEPLOYMENT_TARGET = 17.2;
				MARKETING_VERSION = 1.0;
				PRODUCT_BUNDLE_IDENTIFIER = ru.drozdnik.TrackerTests;
				PRODUCT_NAME = "$(TARGET_NAME)";
				SWIFT_EMIT_LOC_STRINGS = NO;
				SWIFT_VERSION = 5.0;
				TARGETED_DEVICE_FAMILY = "1,2";
				TEST_HOST = "$(BUILT_PRODUCTS_DIR)/Tracker.app/$(BUNDLE_EXECUTABLE_FOLDER_PATH)/Tracker";
			};
			name = Release;
		};
		877CB6762BBF397900C4164D /* Debug */ = {
			isa = XCBuildConfiguration;
			buildSettings = {
				ALWAYS_EMBED_SWIFT_STANDARD_LIBRARIES = YES;
				CODE_SIGN_STYLE = Automatic;
				CURRENT_PROJECT_VERSION = 1;
				DEVELOPMENT_TEAM = 4ZCZ4F2W3F;
				GENERATE_INFOPLIST_FILE = YES;
				MARKETING_VERSION = 1.0;
				PRODUCT_BUNDLE_IDENTIFIER = ru.drozdnik.TrackerUITests;
				PRODUCT_NAME = "$(TARGET_NAME)";
				SWIFT_EMIT_LOC_STRINGS = NO;
				SWIFT_VERSION = 5.0;
				TARGETED_DEVICE_FAMILY = "1,2";
				TEST_TARGET_NAME = Tracker;
			};
			name = Debug;
		};
		877CB6772BBF397900C4164D /* Release */ = {
			isa = XCBuildConfiguration;
			buildSettings = {
				ALWAYS_EMBED_SWIFT_STANDARD_LIBRARIES = YES;
				CODE_SIGN_STYLE = Automatic;
				CURRENT_PROJECT_VERSION = 1;
				DEVELOPMENT_TEAM = 4ZCZ4F2W3F;
				GENERATE_INFOPLIST_FILE = YES;
				MARKETING_VERSION = 1.0;
				PRODUCT_BUNDLE_IDENTIFIER = ru.drozdnik.TrackerUITests;
				PRODUCT_NAME = "$(TARGET_NAME)";
				SWIFT_EMIT_LOC_STRINGS = NO;
				SWIFT_VERSION = 5.0;
				TARGETED_DEVICE_FAMILY = "1,2";
				TEST_TARGET_NAME = Tracker;
			};
			name = Release;
		};
/* End XCBuildConfiguration section */

/* Begin XCConfigurationList section */
		877CB6402BBF397700C4164D /* Build configuration list for PBXProject "Tracker" */ = {
			isa = XCConfigurationList;
			buildConfigurations = (
				877CB66D2BBF397900C4164D /* Debug */,
				877CB66E2BBF397900C4164D /* Release */,
			);
			defaultConfigurationIsVisible = 0;
			defaultConfigurationName = Release;
		};
		877CB66F2BBF397900C4164D /* Build configuration list for PBXNativeTarget "Tracker" */ = {
			isa = XCConfigurationList;
			buildConfigurations = (
				877CB6702BBF397900C4164D /* Debug */,
				877CB6712BBF397900C4164D /* Release */,
			);
			defaultConfigurationIsVisible = 0;
			defaultConfigurationName = Release;
		};
		877CB6722BBF397900C4164D /* Build configuration list for PBXNativeTarget "TrackerTests" */ = {
			isa = XCConfigurationList;
			buildConfigurations = (
				877CB6732BBF397900C4164D /* Debug */,
				877CB6742BBF397900C4164D /* Release */,
			);
			defaultConfigurationIsVisible = 0;
			defaultConfigurationName = Release;
		};
		877CB6752BBF397900C4164D /* Build configuration list for PBXNativeTarget "TrackerUITests" */ = {
			isa = XCConfigurationList;
			buildConfigurations = (
				877CB6762BBF397900C4164D /* Debug */,
				877CB6772BBF397900C4164D /* Release */,
			);
			defaultConfigurationIsVisible = 0;
			defaultConfigurationName = Release;
		};
/* End XCConfigurationList section */
	};
	rootObject = 877CB63D2BBF397700C4164D /* Project object */;
}
